
Microsoft Visual Studio Solution File, Format Version 12.00
# Visual Studio Version 16
VisualStudioVersion = 16.0.32901.82
MinimumVisualStudioVersion = 10.0.40219.1
Project("{FAE04EC0-301F-11D3-BF4B-00C04F79EFBC}") = "OperatorOverloading-Indexer", "OperatorOverloading-Indexer\OperatorOverloading-Indexer.csproj", "{9157C45F-202E-4047-849C-359469D216BE}"
EndProject
Global
	GlobalSection(SolutionConfigurationPlatforms) = preSolution
		Debug|Any CPU = Debug|Any CPU
		Release|Any CPU = Release|Any CPU
	EndGlobalSection
	GlobalSection(ProjectConfigurationPlatforms) = postSolution
		{9157C45F-202E-4047-849C-359469D216BE}.Debug|Any CPU.ActiveCfg = Debug|Any CPU
		{9157C45F-202E-4047-849C-359469D216BE}.Debug|Any CPU.Build.0 = Debug|Any CPU
		{9157C45F-202E-4047-849C-359469D216BE}.Release|Any CPU.ActiveCfg = Release|Any CPU
		{9157C45F-202E-4047-849C-359469D216BE}.Release|Any CPU.Build.0 = Release|Any CPU
	EndGlobalSection
	GlobalSection(SolutionProperties) = preSolution
		HideSolutionNode = FALSE
	EndGlobalSection
	GlobalSection(ExtensibilityGlobals) = postSolution
		SolutionGuid = {379ABCDD-E69A-4F1F-BC1B-3E8B80958A1F}
	EndGlobalSection
EndGlobal
